{
  "object": {
    "pins": [
      {
        "package": "swift-collections",
        "repositoryURL": "https://github.com/apple/swift-collections.git",
        "state": {
          "branch": null,
          "revision": "671108c96644956dddcd89dd59c203dcdb36cec7",
          "version": "1.1.4"
        }
      },
      {
        "package": "SwiftyXMLParser",
        "repositoryURL": "https://github.com/yahoojapan/SwiftyXMLParser.git",
        "state": {
          "branch": null,
          "revision": "d7a1d23f04c86c1cd2e8f19247dd15d74e0ea8be",
          "version": "5.6.0"
        }
      }
    ]
  },
  "version": 1
}
