{
  "object": {
    "pins": [
      {
        "package": "SwiftyXMLParser",
        "repositoryURL": "https://github.com/yahoojapan/SwiftyXMLParser",
        "state": {
          "branch": null,
          "revision": "d7a1d23f04c86c1cd2e8f19247dd15d74e0ea8be",
          "version": "5.6.0"
        }
      }
    ]
  },
  "version": 1
}
